// !$*UTF8*$!
{
	archiveVersion = 1;
	classes = {
	};
	objectVersion = 56;
	objects = {

/* Begin PBXBuildFile section */
		9B39FB642A9A908B00E7F56E /* AppDelegate.swift in Sources */ = {isa = PBXBuildFile; fileRef = 9B39FB632A9A908B00E7F56E /* AppDelegate.swift */; };
		9B39FB662A9A908B00E7F56E /* SceneDelegate.swift in Sources */ = {isa = PBXBuildFile; fileRef = 9B39FB652A9A908B00E7F56E /* SceneDelegate.swift */; };
		9B39FB682A9A908B00E7F56E /* ViewController.swift in Sources */ = {isa = PBXBuildFile; fileRef = 9B39FB672A9A908B00E7F56E /* ViewController.swift */; };
		9B39FB6B2A9A908B00E7F56E /* Main.storyboard in Resources */ = {isa = PBXBuildFile; fileRef = 9B39FB692A9A908B00E7F56E /* Main.storyboard */; };
		9B39FB6D2A9A908C00E7F56E /* Assets.xcassets in Resources */ = {isa = PBXBuildFile; fileRef = 9B39FB6C2A9A908C00E7F56E /* Assets.xcassets */; };
		9B39FB702A9A908C00E7F56E /* LaunchScreen.storyboard in Resources */ = {isa = PBXBuildFile; fileRef = 9B39FB6E2A9A908C00E7F56E /* LaunchScreen.storyboard */; };
		9B39FB7B2A9A908D00E7F56E /* tip_calculatorTests.swift in Sources */ = {isa = PBXBuildFile; fileRef = 9B39FB7A2A9A908D00E7F56E /* tip_calculatorTests.swift */; };
		9B39FB852A9A908D00E7F56E /* tip_calculatorUITests.swift in Sources */ = {isa = PBXBuildFile; fileRef = 9B39FB842A9A908D00E7F56E /* tip_calculatorUITests.swift */; };
		9B39FB872A9A908D00E7F56E /* tip_calculatorUITestsLaunchTests.swift in Sources */ = {isa = PBXBuildFile; fileRef = 9B39FB862A9A908D00E7F56E /* tip_calculatorUITestsLaunchTests.swift */; };
/* End PBXBuildFile section */

/* Begin PBXContainerItemProxy section */
		9B39FB772A9A908D00E7F56E /* PBXContainerItemProxy */ = {
			isa = PBXContainerItemProxy;
			containerPortal = 9B39FB582A9A908B00E7F56E /* Project object */;
			proxyType = 1;
			remoteGlobalIDString = 9B39FB5F2A9A908B00E7F56E;
			remoteInfo = "tip-calculator";
		};
		9B39FB812A9A908D00E7F56E /* PBXContainerItemProxy */ = {
			isa = PBXContainerItemProxy;
			containerPortal = 9B39FB582A9A908B00E7F56E /* Project object */;
			proxyType = 1;
			remoteGlobalIDString = 9B39FB5F2A9A908B00E7F56E;
			remoteInfo = "tip-calculator";
		};
/* End PBXContainerItemProxy section */

/* Begin PBXFileReference section */
		9B39FB602A9A908B00E7F56E /* tip-calculator.app */ = {isa = PBXFileReference; explicitFileType = wrapper.application; includeInIndex = 0; path = "tip-calculator.app"; sourceTree = BUILT_PRODUCTS_DIR; };
		9B39FB632A9A908B00E7F56E /* AppDelegate.swift */ = {isa = PBXFileReference; lastKnownFileType = sourcecode.swift; path = AppDelegate.swift; sourceTree = "<group>"; };
		9B39FB652A9A908B00E7F56E /* SceneDelegate.swift */ = {isa = PBXFileReference; lastKnownFileType = sourcecode.swift; path = SceneDelegate.swift; sourceTree = "<group>"; };
		9B39FB672A9A908B00E7F56E /* ViewController.swift */ = {isa = PBXFileReference; lastKnownFileType = sourcecode.swift; path = ViewController.swift; sourceTree = "<group>"; };
		9B39FB6A2A9A908B00E7F56E /* Base */ = {isa = PBXFileReference; lastKnownFileType = file.storyboard; name = Base; path = Base.lproj/Main.storyboard; sourceTree = "<group>"; };
		9B39FB6C2A9A908C00E7F56E /* Assets.xcassets */ = {isa = PBXFileReference; lastKnownFileType = folder.assetcatalog; path = Assets.xcassets; sourceTree = "<group>"; };
		9B39FB6F2A9A908C00E7F56E /* Base */ = {isa = PBXFileReference; lastKnownFileType = file.storyboard; name = Base; path = Base.lproj/LaunchScreen.storyboard; sourceTree = "<group>"; };
		9B39FB712A9A908C00E7F56E /* Info.plist */ = {isa = PBXFileReference; lastKnownFileType = text.plist.xml; path = Info.plist; sourceTree = "<group>"; };
		9B39FB762A9A908D00E7F56E /* tip-calculatorTests.xctest */ = {isa = PBXFileReference; explicitFileType = wrapper.cfbundle; includeInIndex = 0; path = "tip-calculatorTests.xctest"; sourceTree = BUILT_PRODUCTS_DIR; };
		9B39FB7A2A9A908D00E7F56E /* tip_calculatorTests.swift */ = {isa = PBXFileReference; lastKnownFileType = sourcecode.swift; path = tip_calculatorTests.swift; sourceTree = "<group>"; };
		9B39FB802A9A908D00E7F56E /* tip-calculatorUITests.xctest */ = {isa = PBXFileReference; explicitFileType = wrapper.cfbundle; includeInIndex = 0; path = "tip-calculatorUITests.xctest"; sourceTree = BUILT_PRODUCTS_DIR; };
		9B39FB842A9A908D00E7F56E /* tip_calculatorUITests.swift */ = {isa = PBXFileReference; lastKnownFileType = sourcecode.swift; path = tip_calculatorUITests.swift; sourceTree = "<group>"; };
		9B39FB862A9A908D00E7F56E /* tip_calculatorUITestsLaunchTests.swift */ = {isa = PBXFileReference; lastKnownFileType = sourcecode.swift; path = tip_calculatorUITestsLaunchTests.swift; sourceTree = "<group>"; };
/* End PBXFileReference section */

/* Begin PBXFrameworksBuildPhase section */
		9B39FB5D2A9A908B00E7F56E /* Frameworks */ = {
			isa = PBXFrameworksBuildPhase;
			buildActionMask = 2147483647;
			files = (
			);
			runOnlyForDeploymentPostprocessing = 0;
		};
		9B39FB732A9A908D00E7F56E /* Frameworks */ = {
			isa = PBXFrameworksBuildPhase;
			buildActionMask = 2147483647;
			files = (
			);
			runOnlyForDeploymentPostprocessing = 0;
		};
		9B39FB7D2A9A908D00E7F56E /* Frameworks */ = {
			isa = PBXFrameworksBuildPhase;
			buildActionMask = 2147483647;
			files = (
			);
			runOnlyForDeploymentPostprocessing = 0;
		};
/* End PBXFrameworksBuildPhase section */

/* Begin PBXGroup section */
		9B39FB572A9A908B00E7F56E = {
			isa = PBXGroup;
			children = (
				9B39FB622A9A908B00E7F56E /* tip-calculator */,
				9B39FB792A9A908D00E7F56E /* tip-calculatorTests */,
				9B39FB832A9A908D00E7F56E /* tip-calculatorUITests */,
				9B39FB612A9A908B00E7F56E /* Products */,
			);
			sourceTree = "<group>";
		};
		9B39FB612A9A908B00E7F56E /* Products */ = {
			isa = PBXGroup;
			children = (
				9B39FB602A9A908B00E7F56E /* tip-calculator.app */,
				9B39FB762A9A908D00E7F56E /* tip-calculatorTests.xctest */,
				9B39FB802A9A908D00E7F56E /* tip-calculatorUITests.xctest */,
			);
			name = Products;
			sourceTree = "<group>";
		};
		9B39FB622A9A908B00E7F56E /* tip-calculator */ = {
			isa = PBXGroup;
			children = (
				9B39FB632A9A908B00E7F56E /* AppDelegate.swift */,
				9B39FB652A9A908B00E7F56E /* SceneDelegate.swift */,
				9B39FB672A9A908B00E7F56E /* ViewController.swift */,
				9B39FB692A9A908B00E7F56E /* Main.storyboard */,
				9B39FB6C2A9A908C00E7F56E /* Assets.xcassets */,
				9B39FB6E2A9A908C00E7F56E /* LaunchScreen.storyboard */,
				9B39FB712A9A908C00E7F56E /* Info.plist */,
			);
			path = "tip-calculator";
			sourceTree = "<group>";
		};
		9B39FB792A9A908D00E7F56E /* tip-calculatorTests */ = {
			isa = PBXGroup;
			children = (
				9B39FB7A2A9A908D00E7F56E /* tip_calculatorTests.swift */,
			);
			path = "tip-calculatorTests";
			sourceTree = "<group>";
		};
		9B39FB832A9A908D00E7F56E /* tip-calculatorUITests */ = {
			isa = PBXGroup;
			children = (
				9B39FB842A9A908D00E7F56E /* tip_calculatorUITests.swift */,
				9B39FB862A9A908D00E7F56E /* tip_calculatorUITestsLaunchTests.swift */,
			);
			path = "tip-calculatorUITests";
			sourceTree = "<group>";
		};
/* End PBXGroup section */

/* Begin PBXNativeTarget section */
		9B39FB5F2A9A908B00E7F56E /* tip-calculator */ = {
			isa = PBXNativeTarget;
			buildConfigurationList = 9B39FB8A2A9A908D00E7F56E /* Build configuration list for PBXNativeTarget "tip-calculator" */;
			buildPhases = (
				9B39FB5C2A9A908B00E7F56E /* Sources */,
				9B39FB5D2A9A908B00E7F56E /* Frameworks */,
				9B39FB5E2A9A908B00E7F56E /* Resources */,
			);
			buildRules = (
			);
			dependencies = (
			);
			name = "tip-calculator";
			productName = "tip-calculator";
			productReference = 9B39FB602A9A908B00E7F56E /* tip-calculator.app */;
			productType = "com.apple.product-type.application";
		};
		9B39FB752A9A908D00E7F56E /* tip-calculatorTests */ = {
			isa = PBXNativeTarget;
			buildConfigurationList = 9B39FB8D2A9A908D00E7F56E /* Build configuration list for PBXNativeTarget "tip-calculatorTests" */;
			buildPhases = (
				9B39FB722A9A908D00E7F56E /* Sources */,
				9B39FB732A9A908D00E7F56E /* Frameworks */,
				9B39FB742A9A908D00E7F56E /* Resources */,
			);
			buildRules = (
			);
			dependencies = (
				9B39FB782A9A908D00E7F56E /* PBXTargetDependency */,
			);
			name = "tip-calculatorTests";
			productName = "tip-calculatorTests";
			productReference = 9B39FB762A9A908D00E7F56E /* tip-calculatorTests.xctest */;
			productType = "com.apple.product-type.bundle.unit-test";
		};
		9B39FB7F2A9A908D00E7F56E /* tip-calculatorUITests */ = {
			isa = PBXNativeTarget;
			buildConfigurationList = 9B39FB902A9A908D00E7F56E /* Build configuration list for PBXNativeTarget "tip-calculatorUITests" */;
			buildPhases = (
				9B39FB7C2A9A908D00E7F56E /* Sources */,
				9B39FB7D2A9A908D00E7F56E /* Frameworks */,
				9B39FB7E2A9A908D00E7F56E /* Resources */,
			);
			buildRules = (
			);
			dependencies = (
				9B39FB822A9A908D00E7F56E /* PBXTargetDependency */,
			);
			name = "tip-calculatorUITests";
			productName = "tip-calculatorUITests";
			productReference = 9B39FB802A9A908D00E7F56E /* tip-calculatorUITests.xctest */;
			productType = "com.apple.product-type.bundle.ui-testing";
		};
/* End PBXNativeTarget section */

/* Begin PBXProject section */
		9B39FB582A9A908B00E7F56E /* Project object */ = {
			isa = PBXProject;
			attributes = {
				BuildIndependentTargetsInParallel = 1;
				LastSwiftUpdateCheck = 1430;
				LastUpgradeCheck = 1430;
				TargetAttributes = {
					9B39FB5F2A9A908B00E7F56E = {
						CreatedOnToolsVersion = 14.3.1;
					};
					9B39FB752A9A908D00E7F56E = {
						CreatedOnToolsVersion = 14.3.1;
						TestTargetID = 9B39FB5F2A9A908B00E7F56E;
					};
					9B39FB7F2A9A908D00E7F56E = {
						CreatedOnToolsVersion = 14.3.1;
						TestTargetID = 9B39FB5F2A9A908B00E7F56E;
					};
				};
			};
			buildConfigurationList = 9B39FB5B2A9A908B00E7F56E /* Build configuration list for PBXProject "tip-calculator" */;
			compatibilityVersion = "Xcode 14.0";
			developmentRegion = en;
			hasScannedForEncodings = 0;
			knownRegions = (
				en,
				Base,
			);
			mainGroup = 9B39FB572A9A908B00E7F56E;
			productRefGroup = 9B39FB612A9A908B00E7F56E /* Products */;
			projectDirPath = "";
			projectRoot = "";
			targets = (
				9B39FB5F2A9A908B00E7F56E /* tip-calculator */,
				9B39FB752A9A908D00E7F56E /* tip-calculatorTests */,
				9B39FB7F2A9A908D00E7F56E /* tip-calculatorUITests */,
			);
		};
/* End PBXProject section */

/* Begin PBXResourcesBuildPhase section */
		9B39FB5E2A9A908B00E7F56E /* Resources */ = {
			isa = PBXResourcesBuildPhase;
			buildActionMask = 2147483647;
			files = (
				9B39FB702A9A908C00E7F56E /* LaunchScreen.storyboard in Resources */,
				9B39FB6D2A9A908C00E7F56E /* Assets.xcassets in Resources */,
				9B39FB6B2A9A908B00E7F56E /* Main.storyboard in Resources */,
			);
			runOnlyForDeploymentPostprocessing = 0;
		};
		9B39FB742A9A908D00E7F56E /* Resources */ = {
			isa = PBXResourcesBuildPhase;
			buildActionMask = 2147483647;
			files = (
			);
			runOnlyForDeploymentPostprocessing = 0;
		};
		9B39FB7E2A9A908D00E7F56E /* Resources */ = {
			isa = PBXResourcesBuildPhase;
			buildActionMask = 2147483647;
			files = (
			);
			runOnlyForDeploymentPostprocessing = 0;
		};
/* End PBXResourcesBuildPhase section */

/* Begin PBXSourcesBuildPhase section */
		9B39FB5C2A9A908B00E7F56E /* Sources */ = {
			isa = PBXSourcesBuildPhase;
			buildActionMask = 2147483647;
			files = (
				9B39FB682A9A908B00E7F56E /* ViewController.swift in Sources */,
				9B39FB642A9A908B00E7F56E /* AppDelegate.swift in Sources */,
				9B39FB662A9A908B00E7F56E /* SceneDelegate.swift in Sources */,
			);
			runOnlyForDeploymentPostprocessing = 0;
		};
		9B39FB722A9A908D00E7F56E /* Sources */ = {
			isa = PBXSourcesBuildPhase;
			buildActionMask = 2147483647;
			files = (
				9B39FB7B2A9A908D00E7F56E /* tip_calculatorTests.swift in Sources */,
			);
			runOnlyForDeploymentPostprocessing = 0;
		};
		9B39FB7C2A9A908D00E7F56E /* Sources */ = {
			isa = PBXSourcesBuildPhase;
			buildActionMask = 2147483647;
			files = (
				9B39FB872A9A908D00E7F56E /* tip_calculatorUITestsLaunchTests.swift in Sources */,
				9B39FB852A9A908D00E7F56E /* tip_calculatorUITests.swift in Sources */,
			);
			runOnlyForDeploymentPostprocessing = 0;
		};
/* End PBXSourcesBuildPhase section */

/* Begin PBXTargetDependency section */
		9B39FB782A9A908D00E7F56E /* PBXTargetDependency */ = {
			isa = PBXTargetDependency;
			target = 9B39FB5F2A9A908B00E7F56E /* tip-calculator */;
			targetProxy = 9B39FB772A9A908D00E7F56E /* PBXContainerItemProxy */;
		};
		9B39FB822A9A908D00E7F56E /* PBXTargetDependency */ = {
			isa = PBXTargetDependency;
			target = 9B39FB5F2A9A908B00E7F56E /* tip-calculator */;
			targetProxy = 9B39FB812A9A908D00E7F56E /* PBXContainerItemProxy */;
		};
/* End PBXTargetDependency section */

/* Begin PBXVariantGroup section */
		9B39FB692A9A908B00E7F56E /* Main.storyboard */ = {
			isa = PBXVariantGroup;
			children = (
				9B39FB6A2A9A908B00E7F56E /* Base */,
			);
			name = Main.storyboard;
			sourceTree = "<group>";
		};
		9B39FB6E2A9A908C00E7F56E /* LaunchScreen.storyboard */ = {
			isa = PBXVariantGroup;
			children = (
				9B39FB6F2A9A908C00E7F56E /* Base */,
			);
			name = LaunchScreen.storyboard;
			sourceTree = "<group>";
		};
/* End PBXVariantGroup section */

/* Begin XCBuildConfiguration section */
		9B39FB882A9A908D00E7F56E /* Debug */ = {
			isa = XCBuildConfiguration;
			buildSettings = {
				ALWAYS_SEARCH_USER_PATHS = NO;
				CLANG_ANALYZER_NONNULL = YES;
				CLANG_ANALYZER_NUMBER_OBJECT_CONVERSION = YES_AGGRESSIVE;
				CLANG_CXX_LANGUAGE_STANDARD = "gnu++20";
				CLANG_ENABLE_MODULES = YES;
				CLANG_ENABLE_OBJC_ARC = YES;
				CLANG_ENABLE_OBJC_WEAK = YES;
				CLANG_WARN_BLOCK_CAPTURE_AUTORELEASING = YES;
				CLANG_WARN_BOOL_CONVERSION = YES;
				CLANG_WARN_COMMA = YES;
				CLANG_WARN_CONSTANT_CONVERSION = YES;
				CLANG_WARN_DEPRECATED_OBJC_IMPLEMENTATIONS = YES;
				CLANG_WARN_DIRECT_OBJC_ISA_USAGE = YES_ERROR;
				CLANG_WARN_DOCUMENTATION_COMMENTS = YES;
				CLANG_WARN_EMPTY_BODY = YES;
				CLANG_WARN_ENUM_CONVERSION = YES;
				CLANG_WARN_INFINITE_RECURSION = YES;
				CLANG_WARN_INT_CONVERSION = YES;
				CLANG_WARN_NON_LITERAL_NULL_CONVERSION = YES;
				CLANG_WARN_OBJC_IMPLICIT_RETAIN_SELF = YES;
				CLANG_WARN_OBJC_LITERAL_CONVERSION = YES;
				CLANG_WARN_OBJC_ROOT_CLASS = YES_ERROR;
				CLANG_WARN_QUOTED_INCLUDE_IN_FRAMEWORK_HEADER = YES;
				CLANG_WARN_RANGE_LOOP_ANALYSIS = YES;
				CLANG_WARN_STRICT_PROTOTYPES = YES;
				CLANG_WARN_SUSPICIOUS_MOVE = YES;
				CLANG_WARN_UNGUARDED_AVAILABILITY = YES_AGGRESSIVE;
				CLANG_WARN_UNREACHABLE_CODE = YES;
				CLANG_WARN__DUPLICATE_METHOD_MATCH = YES;
				COPY_PHASE_STRIP = NO;
				DEBUG_INFORMATION_FORMAT = dwarf;
				ENABLE_STRICT_OBJC_MSGSEND = YES;
				ENABLE_TESTABILITY = YES;
				GCC_C_LANGUAGE_STANDARD = gnu11;
				GCC_DYNAMIC_NO_PIC = NO;
				GCC_NO_COMMON_BLOCKS = YES;
				GCC_OPTIMIZATION_LEVEL = 0;
				GCC_PREPROCESSOR_DEFINITIONS = (
					"DEBUG=1",
					"$(inherited)",
				);
				GCC_WARN_64_TO_32_BIT_CONVERSION = YES;
				GCC_WARN_ABOUT_RETURN_TYPE = YES_ERROR;
				GCC_WARN_UNDECLARED_SELECTOR = YES;
				GCC_WARN_UNINITIALIZED_AUTOS = YES_AGGRESSIVE;
				GCC_WARN_UNUSED_FUNCTION = YES;
				GCC_WARN_UNUSED_VARIABLE = YES;
				IPHONEOS_DEPLOYMENT_TARGET = 16.4;
				MTL_ENABLE_DEBUG_INFO = INCLUDE_SOURCE;
				MTL_FAST_MATH = YES;
				ONLY_ACTIVE_ARCH = YES;
				SDKROOT = iphoneos;
				SWIFT_ACTIVE_COMPILATION_CONDITIONS = DEBUG;
				SWIFT_OPTIMIZATION_LEVEL = "-Onone";
			};
			name = Debug;
		};
		9B39FB892A9A908D00E7F56E /* Release */ = {
			isa = XCBuildConfiguration;
			buildSettings = {
				ALWAYS_SEARCH_USER_PATHS = NO;
				CLANG_ANALYZER_NONNULL = YES;
				CLANG_ANALYZER_NUMBER_OBJECT_CONVERSION = YES_AGGRESSIVE;
				CLANG_CXX_LANGUAGE_STANDARD = "gnu++20";
				CLANG_ENABLE_MODULES = YES;
				CLANG_ENABLE_OBJC_ARC = YES;
				CLANG_ENABLE_OBJC_WEAK = YES;
				CLANG_WARN_BLOCK_CAPTURE_AUTORELEASING = YES;
				CLANG_WARN_BOOL_CONVERSION = YES;
				CLANG_WARN_COMMA = YES;
				CLANG_WARN_CONSTANT_CONVERSION = YES;
				CLANG_WARN_DEPRECATED_OBJC_IMPLEMENTATIONS = YES;
				CLANG_WARN_DIRECT_OBJC_ISA_USAGE = YES_ERROR;
				CLANG_WARN_DOCUMENTATION_COMMENTS = YES;
				CLANG_WARN_EMPTY_BODY = YES;
				CLANG_WARN_ENUM_CONVERSION = YES;
				CLANG_WARN_INFINITE_RECURSION = YES;
				CLANG_WARN_INT_CONVERSION = YES;
				CLANG_WARN_NON_LITERAL_NULL_CONVERSION = YES;
				CLANG_WARN_OBJC_IMPLICIT_RETAIN_SELF = YES;
				CLANG_WARN_OBJC_LITERAL_CONVERSION = YES;
				CLANG_WARN_OBJC_ROOT_CLASS = YES_ERROR;
				CLANG_WARN_QUOTED_INCLUDE_IN_FRAMEWORK_HEADER = YES;
				CLANG_WARN_RANGE_LOOP_ANALYSIS = YES;
				CLANG_WARN_STRICT_PROTOTYPES = YES;
				CLANG_WARN_SUSPICIOUS_MOVE = YES;
				CLANG_WARN_UNGUARDED_AVAILABILITY = YES_AGGRESSIVE;
				CLANG_WARN_UNREACHABLE_CODE = YES;
				CLANG_WARN__DUPLICATE_METHOD_MATCH = YES;
				COPY_PHASE_STRIP = NO;
				DEBUG_INFORMATION_FORMAT = "dwarf-with-dsym";
				ENABLE_NS_ASSERTIONS = NO;
				ENABLE_STRICT_OBJC_MSGSEND = YES;
				GCC_C_LANGUAGE_STANDARD = gnu11;
				GCC_NO_COMMON_BLOCKS = YES;
				GCC_WARN_64_TO_32_BIT_CONVERSION = YES;
				GCC_WARN_ABOUT_RETURN_TYPE = YES_ERROR;
				GCC_WARN_UNDECLARED_SELECTOR = YES;
				GCC_WARN_UNINITIALIZED_AUTOS = YES_AGGRESSIVE;
				GCC_WARN_UNUSED_FUNCTION = YES;
				GCC_WARN_UNUSED_VARIABLE = YES;
				IPHONEOS_DEPLOYMENT_TARGET = 16.4;
				MTL_ENABLE_DEBUG_INFO = NO;
				MTL_FAST_MATH = YES;
				SDKROOT = iphoneos;
				SWIFT_COMPILATION_MODE = wholemodule;
				SWIFT_OPTIMIZATION_LEVEL = "-O";
				VALIDATE_PRODUCT = YES;
			};
			name = Release;
		};
		9B39FB8B2A9A908D00E7F56E /* Debug */ = {
			isa = XCBuildConfiguration;
			buildSettings = {
				ASSETCATALOG_COMPILER_APPICON_NAME = AppIcon;
				ASSETCATALOG_COMPILER_GLOBAL_ACCENT_COLOR_NAME = AccentColor;
				CODE_SIGN_STYLE = Automatic;
				CURRENT_PROJECT_VERSION = 1;
				DEVELOPMENT_TEAM = 6CJ98NSPAD;
				GENERATE_INFOPLIST_FILE = YES;
				INFOPLIST_FILE = "tip-calculator/Info.plist";
				INFOPLIST_KEY_UIApplicationSupportsIndirectInputEvents = YES;
				INFOPLIST_KEY_UILaunchStoryboardName = LaunchScreen;
				INFOPLIST_KEY_UIMainStoryboardFile = Main;
				INFOPLIST_KEY_UISupportedInterfaceOrientations_iPad = "UIInterfaceOrientationPortrait UIInterfaceOrientationPortraitUpsideDown UIInterfaceOrientationLandscapeLeft UIInterfaceOrientationLandscapeRight";
				INFOPLIST_KEY_UISupportedInterfaceOrientations_iPhone = "UIInterfaceOrientationPortrait UIInterfaceOrientationLandscapeLeft UIInterfaceOrientationLandscapeRight";
				LD_RUNPATH_SEARCH_PATHS = (
					"$(inherited)",
					"@executable_path/Frameworks",
				);
				MARKETING_VERSION = 1.0;
				PRODUCT_BUNDLE_IDENTIFIER = "com.macmartins.tip-calculator";
				PRODUCT_NAME = "$(TARGET_NAME)";
				SWIFT_EMIT_LOC_STRINGS = YES;
				SWIFT_VERSION = 5.0;
				TARGETED_DEVICE_FAMILY = "1,2";
			};
			name = Debug;
		};
		9B39FB8C2A9A908D00E7F56E /* Release */ = {
			isa = XCBuildConfiguration;
			buildSettings = {
				ASSETCATALOG_COMPILER_APPICON_NAME = AppIcon;
				ASSETCATALOG_COMPILER_GLOBAL_ACCENT_COLOR_NAME = AccentColor;
				CODE_SIGN_STYLE = Automatic;
				CURRENT_PROJECT_VERSION = 1;
				DEVELOPMENT_TEAM = 6CJ98NSPAD;
				GENERATE_INFOPLIST_FILE = YES;
				INFOPLIST_FILE = "tip-calculator/Info.plist";
				INFOPLIST_KEY_UIApplicationSupportsIndirectInputEvents = YES;
				INFOPLIST_KEY_UILaunchStoryboardName = LaunchScreen;
				INFOPLIST_KEY_UIMainStoryboardFile = Main;
				INFOPLIST_KEY_UISupportedInterfaceOrientations_iPad = "UIInterfaceOrientationPortrait UIInterfaceOrientationPortraitUpsideDown UIInterfaceOrientationLandscapeLeft UIInterfaceOrientationLandscapeRight";
				INFOPLIST_KEY_UISupportedInterfaceOrientations_iPhone = "UIInterfaceOrientationPortrait UIInterfaceOrientationLandscapeLeft UIInterfaceOrientationLandscapeRight";
				LD_RUNPATH_SEARCH_PATHS = (
					"$(inherited)",
					"@executable_path/Frameworks",
				);
				MARKETING_VERSION = 1.0;
				PRODUCT_BUNDLE_IDENTIFIER = "com.macmartins.tip-calculator";
				PRODUCT_NAME = "$(TARGET_NAME)";
				SWIFT_EMIT_LOC_STRINGS = YES;
				SWIFT_VERSION = 5.0;
				TARGETED_DEVICE_FAMILY = "1,2";
			};
			name = Release;
		};
		9B39FB8E2A9A908D00E7F56E /* Debug */ = {
			isa = XCBuildConfiguration;
			buildSettings = {
				ALWAYS_EMBED_SWIFT_STANDARD_LIBRARIES = YES;
				BUNDLE_LOADER = "$(TEST_HOST)";
				CODE_SIGN_STYLE = Automatic;
				CURRENT_PROJECT_VERSION = 1;
				DEVELOPMENT_TEAM = 6CJ98NSPAD;
				GENERATE_INFOPLIST_FILE = YES;
				IPHONEOS_DEPLOYMENT_TARGET = 16.4;
				MARKETING_VERSION = 1.0;
				PRODUCT_BUNDLE_IDENTIFIER = "com.macmartins.tip-calculatorTests";
				PRODUCT_NAME = "$(TARGET_NAME)";
				SWIFT_EMIT_LOC_STRINGS = NO;
				SWIFT_VERSION = 5.0;
				TARGETED_DEVICE_FAMILY = "1,2";
				TEST_HOST = "$(BUILT_PRODUCTS_DIR)/tip-calculator.app/$(BUNDLE_EXECUTABLE_FOLDER_PATH)/tip-calculator";
			};
			name = Debug;
		};
		9B39FB8F2A9A908D00E7F56E /* Release */ = {
			isa = XCBuildConfiguration;
			buildSettings = {
				ALWAYS_EMBED_SWIFT_STANDARD_LIBRARIES = YES;
				BUNDLE_LOADER = "$(TEST_HOST)";
				CODE_SIGN_STYLE = Automatic;
				CURRENT_PROJECT_VERSION = 1;
				DEVELOPMENT_TEAM = 6CJ98NSPAD;
				GENERATE_INFOPLIST_FILE = YES;
				IPHONEOS_DEPLOYMENT_TARGET = 16.4;
				MARKETING_VERSION = 1.0;
				PRODUCT_BUNDLE_IDENTIFIER = "com.macmartins.tip-calculatorTests";
				PRODUCT_NAME = "$(TARGET_NAME)";
				SWIFT_EMIT_LOC_STRINGS = NO;
				SWIFT_VERSION = 5.0;
				TARGETED_DEVICE_FAMILY = "1,2";
				TEST_HOST = "$(BUILT_PRODUCTS_DIR)/tip-calculator.app/$(BUNDLE_EXECUTABLE_FOLDER_PATH)/tip-calculator";
			};
			name = Release;
		};
		9B39FB912A9A908D00E7F56E /* Debug */ = {
			isa = XCBuildConfiguration;
			buildSettings = {
				ALWAYS_EMBED_SWIFT_STANDARD_LIBRARIES = YES;
				CODE_SIGN_STYLE = Automatic;
				CURRENT_PROJECT_VERSION = 1;
				DEVELOPMENT_TEAM = 6CJ98NSPAD;
				GENERATE_INFOPLIST_FILE = YES;
				MARKETING_VERSION = 1.0;
				PRODUCT_BUNDLE_IDENTIFIER = "com.macmartins.tip-calculatorUITests";
				PRODUCT_NAME = "$(TARGET_NAME)";
				SWIFT_EMIT_LOC_STRINGS = NO;
				SWIFT_VERSION = 5.0;
				TARGETED_DEVICE_FAMILY = "1,2";
				TEST_TARGET_NAME = "tip-calculator";
			};
			name = Debug;
		};
		9B39FB922A9A908D00E7F56E /* Release */ = {
			isa = XCBuildConfiguration;
			buildSettings = {
				ALWAYS_EMBED_SWIFT_STANDARD_LIBRARIES = YES;
				CODE_SIGN_STYLE = Automatic;
				CURRENT_PROJECT_VERSION = 1;
				DEVELOPMENT_TEAM = 6CJ98NSPAD;
				GENERATE_INFOPLIST_FILE = YES;
				MARKETING_VERSION = 1.0;
				PRODUCT_BUNDLE_IDENTIFIER = "com.macmartins.tip-calculatorUITests";
				PRODUCT_NAME = "$(TARGET_NAME)";
				SWIFT_EMIT_LOC_STRINGS = NO;
				SWIFT_VERSION = 5.0;
				TARGETED_DEVICE_FAMILY = "1,2";
				TEST_TARGET_NAME = "tip-calculator";
			};
			name = Release;
		};
/* End XCBuildConfiguration section */

/* Begin XCConfigurationList section */
		9B39FB5B2A9A908B00E7F56E /* Build configuration list for PBXProject "tip-calculator" */ = {
			isa = XCConfigurationList;
			buildConfigurations = (
				9B39FB882A9A908D00E7F56E /* Debug */,
				9B39FB892A9A908D00E7F56E /* Release */,
			);
			defaultConfigurationIsVisible = 0;
			defaultConfigurationName = Release;
		};
		9B39FB8A2A9A908D00E7F56E /* Build configuration list for PBXNativeTarget "tip-calculator" */ = {
			isa = XCConfigurationList;
			buildConfigurations = (
				9B39FB8B2A9A908D00E7F56E /* Debug */,
				9B39FB8C2A9A908D00E7F56E /* Release */,
			);
			defaultConfigurationIsVisible = 0;
			defaultConfigurationName = Release;
		};
		9B39FB8D2A9A908D00E7F56E /* Build configuration list for PBXNativeTarget "tip-calculatorTests" */ = {
			isa = XCConfigurationList;
			buildConfigurations = (
				9B39FB8E2A9A908D00E7F56E /* Debug */,
				9B39FB8F2A9A908D00E7F56E /* Release */,
			);
			defaultConfigurationIsVisible = 0;
			defaultConfigurationName = Release;
		};
		9B39FB902A9A908D00E7F56E /* Build configuration list for PBXNativeTarget "tip-calculatorUITests" */ = {
			isa = XCConfigurationList;
			buildConfigurations = (
				9B39FB912A9A908D00E7F56E /* Debug */,
				9B39FB922A9A908D00E7F56E /* Release */,
			);
			defaultConfigurationIsVisible = 0;
			defaultConfigurationName = Release;
		};
/* End XCConfigurationList section */
	};
	rootObject = 9B39FB582A9A908B00E7F56E /* Project object */;
}
